{
  "name": "cm-engine-runner",
  "version": "1.0.17",
  "lockfileVersion": 2,
  "requires": true,
  "packages": {
    "": {
      "name": "cm-engine-runner",
      "version": "1.0.17",
      "hasInstallScript": true,
      "license": "MIT",
      "dependencies": {
        "cm-polyglot": "^1.0.7",
        "modlib": "^1.2.11"
      },
      "devDependencies": {
        "teevi": "^2.2.3"
      }
    },
    "node_modules/cm-polyglot": {
      "version": "1.0.7",
      "resolved": "https://registry.npmjs.org/cm-polyglot/-/cm-polyglot-1.0.7.tgz",
      "integrity": "sha512-ZXgRP7eMj/ogdQ0lhe7VWPKU43A/rK3DzYyKuXHbpM7zO7KhyBUN02RMdLlT/mDF2ud18ivLqTQhUIctc274+g=="
    },
    "node_modules/modlib": {
      "version": "1.2.11",
      "resolved": "https://registry.npmjs.org/modlib/-/modlib-1.2.11.tgz",
      "integrity": "sha512-LGzbMJouEtfHe9Uwn4pWV4YRjHpG9PiG7o3mvTG5R+Mlu2W4IZllXiGBYM7nenpzthmAQde1liX3Y9rxptM4qw=="
    },
    "node_modules/teevi": {
      "version": "2.2.3",
      "resolved": "https://registry.npmjs.org/teevi/-/teevi-2.2.3.tgz",
      "integrity": "sha512-m4qPzcFRcvBOiivk0VhqRXVUdzDFOHXcdriWI/fCrUEOYRuGrKKZBzNr/SN1x/57qXErnM4IU5tl9rRjgVpUyg==",
      "dev": true
    }
  },
  "dependencies": {
    "cm-polyglot": {
      "version": "1.0.7",
      "resolved": "https://registry.npmjs.org/cm-polyglot/-/cm-polyglot-1.0.7.tgz",
      "integrity": "sha512-ZXgRP7eMj/ogdQ0lhe7VWPKU43A/rK3DzYyKuXHbpM7zO7KhyBUN02RMdLlT/mDF2ud18ivLqTQhUIctc274+g=="
    },
    "modlib": {
      "version": "1.2.11",
      "resolved": "https://registry.npmjs.org/modlib/-/modlib-1.2.11.tgz",
      "integrity": "sha512-LGzbMJouEtfHe9Uwn4pWV4YRjHpG9PiG7o3mvTG5R+Mlu2W4IZllXiGBYM7nenpzthmAQde1liX3Y9rxptM4qw=="
    },
    "teevi": {
      "version": "2.2.3",
      "resolved": "https://registry.npmjs.org/teevi/-/teevi-2.2.3.tgz",
      "integrity": "sha512-m4qPzcFRcvBOiivk0VhqRXVUdzDFOHXcdriWI/fCrUEOYRuGrKKZBzNr/SN1x/57qXErnM4IU5tl9rRjgVpUyg==",
      "dev": true
    }
  }
}
