{
  "name": "cm-engine-runner",
  "version": "1.2.4",
  "lockfileVersion": 2,
  "requires": true,
  "packages": {
    "": {
      "name": "cm-engine-runner",
      "version": "1.2.4",
      "license": "MIT",
      "dependencies": {
        "cm-polyglot": "^1.1.0",
        "stockfish": "^18.0.5"
      },
      "devDependencies": {
        "teevi": "^2.3.0"
      }
    },
    "node_modules/cm-polyglot": {
      "version": "1.1.0",
      "resolved": "https://registry.npmjs.org/cm-polyglot/-/cm-polyglot-1.1.0.tgz",
      "integrity": "sha512-yKclnR2WHNgtMViYnxUJzqfR9/iTLfG0PYNVmHNbGiZrYoc7tTrGQHutzgUISFpiQ8ArbqaZKcBzZ2S2CE4/Gg=="
    },
    "node_modules/stockfish": {
      "version": "18.0.5",
      "resolved": "https://registry.npmjs.org/stockfish/-/stockfish-18.0.5.tgz",
      "integrity": "sha512-2A8mrlrYT8ovf4y8GIrmzOQZCC2kf01hPeM4xrVZdBeFC/LoZj+MgYLyrwdKXDQWubx1RCiKU9dFDGeDutuT3A==",
      "hasInstallScript": true,
      "license": "GPL-3.0",
      "bin": {
        "stockfish": "scripts/cli.js"
      }
    },
    "node_modules/teevi": {
      "version": "2.3.0",
      "resolved": "https://registry.npmjs.org/teevi/-/teevi-2.3.0.tgz",
      "integrity": "sha512-0BQaQXWZWyp8GHO+ONZr7ulUkFZlIl/y8DZ7rRwHLiU84w7f7SgGqgp9xPXVqslff7tAHiWH+dTNF77Q68FOWg==",
      "dev": true,
      "license": "MIT"
    }
  },
  "dependencies": {
    "cm-polyglot": {
      "version": "1.1.0",
      "resolved": "https://registry.npmjs.org/cm-polyglot/-/cm-polyglot-1.1.0.tgz",
      "integrity": "sha512-yKclnR2WHNgtMViYnxUJzqfR9/iTLfG0PYNVmHNbGiZrYoc7tTrGQHutzgUISFpiQ8ArbqaZKcBzZ2S2CE4/Gg=="
    },
    "stockfish": {
      "version": "18.0.5",
      "resolved": "https://registry.npmjs.org/stockfish/-/stockfish-18.0.5.tgz",
      "integrity": "sha512-2A8mrlrYT8ovf4y8GIrmzOQZCC2kf01hPeM4xrVZdBeFC/LoZj+MgYLyrwdKXDQWubx1RCiKU9dFDGeDutuT3A=="
    },
    "teevi": {
      "version": "2.3.0",
      "resolved": "https://registry.npmjs.org/teevi/-/teevi-2.3.0.tgz",
      "integrity": "sha512-0BQaQXWZWyp8GHO+ONZr7ulUkFZlIl/y8DZ7rRwHLiU84w7f7SgGqgp9xPXVqslff7tAHiWH+dTNF77Q68FOWg==",
      "dev": true
    }
  }
}
