{
  "name": "cm-engine-runner",
  "version": "1.0.12",
  "lockfileVersion": 2,
  "requires": true,
  "packages": {
    "": {
      "name": "cm-engine-runner",
      "version": "1.0.12",
      "hasInstallScript": true,
      "license": "MIT",
      "dependencies": {
        "cm-polyglot": "^1.0.6",
        "modrator": "^1.2.1"
      },
      "devDependencies": {
        "teevi": "^2.1.10"
      }
    },
    "node_modules/cm-polyglot": {
      "version": "1.0.6",
      "resolved": "https://registry.npmjs.org/cm-polyglot/-/cm-polyglot-1.0.6.tgz",
      "integrity": "sha512-b8m5fvjee4SP8U9YxeeeDwxhIAYXWN4nBQq+TOnJGfhTokNh5JW2pM1EEpH3QCnt4+KefuSM68eXzihyxRbloA=="
    },
    "node_modules/modrator": {
      "version": "1.2.1",
      "resolved": "https://registry.npmjs.org/modrator/-/modrator-1.2.1.tgz",
      "integrity": "sha512-c9Fmc6jYd0oD7xVmVQW3z/K26t/PY3nmaSjYJ4K3l+4o5dzfm0IfDqsCz7evEex70wbz/oj5AINYLI6ufFpFWQ=="
    },
    "node_modules/teevi": {
      "version": "2.1.10",
      "resolved": "https://registry.npmjs.org/teevi/-/teevi-2.1.10.tgz",
      "integrity": "sha512-hjWaUkdyi0gjhEll3qaqIDtQHm/qNKW4WFoNOAXSkHOFxBbZwqL1QBCxZMZR4IcxGB0Kf/BTw5JXOxOcEb4Djg==",
      "dev": true
    }
  },
  "dependencies": {
    "cm-polyglot": {
      "version": "1.0.6",
      "resolved": "https://registry.npmjs.org/cm-polyglot/-/cm-polyglot-1.0.6.tgz",
      "integrity": "sha512-b8m5fvjee4SP8U9YxeeeDwxhIAYXWN4nBQq+TOnJGfhTokNh5JW2pM1EEpH3QCnt4+KefuSM68eXzihyxRbloA=="
    },
    "modrator": {
      "version": "1.2.1",
      "resolved": "https://registry.npmjs.org/modrator/-/modrator-1.2.1.tgz",
      "integrity": "sha512-c9Fmc6jYd0oD7xVmVQW3z/K26t/PY3nmaSjYJ4K3l+4o5dzfm0IfDqsCz7evEex70wbz/oj5AINYLI6ufFpFWQ=="
    },
    "teevi": {
      "version": "2.1.10",
      "resolved": "https://registry.npmjs.org/teevi/-/teevi-2.1.10.tgz",
      "integrity": "sha512-hjWaUkdyi0gjhEll3qaqIDtQHm/qNKW4WFoNOAXSkHOFxBbZwqL1QBCxZMZR4IcxGB0Kf/BTw5JXOxOcEb4Djg==",
      "dev": true
    }
  }
}
